
Microsoft Visual Studio Solution File, Format Version 12.00
# Visual Studio Version 17
VisualStudioVersion = 17.14.36616.10 d17.14
MinimumVisualStudioVersion = 10.0.40219.1
Project("{F184B08F-C81C-45F6-A57F-5ABD9991F28F}") = "StaCruzPropertyCustodianSystem", "StaCruzPropertyCustodianSystem.vbproj", "{5BA19DCE-6BE5-45B8-AADD-D54CAC6DE401}"
EndProject
Global
	GlobalSection(SolutionConfigurationPlatforms) = preSolution
		Debug|Any CPU = Debug|Any CPU
		Release|Any CPU = Release|Any CPU
	EndGlobalSection
	GlobalSection(ProjectConfigurationPlatforms) = postSolution
		{5BA19DCE-6BE5-45B8-AADD-D54CAC6DE401}.Debug|Any CPU.ActiveCfg = Debug|Any CPU
		{5BA19DCE-6BE5-45B8-AADD-D54CAC6DE401}.Debug|Any CPU.Build.0 = Debug|Any CPU
		{5BA19DCE-6BE5-45B8-AADD-D54CAC6DE401}.Release|Any CPU.ActiveCfg = Release|Any CPU
		{5BA19DCE-6BE5-45B8-AADD-D54CAC6DE401}.Release|Any CPU.Build.0 = Release|Any CPU
	EndGlobalSection
	GlobalSection(SolutionProperties) = preSolution
		HideSolutionNode = FALSE
	EndGlobalSection
	GlobalSection(ExtensibilityGlobals) = postSolution
		SolutionGuid = {B490D07A-6E8F-4372-8317-4AF7D685C8E2}
	EndGlobalSection
EndGlobal
